
Microsoft Visual Studio Solution File, Format Version 12.00
# Visual Studio Version 17
VisualStudioVersion = 17.14.37027.9 d17.14
MinimumVisualStudioVersion = 10.0.40219.1
Project("{FAE04EC0-301F-11D3-BF4B-00C04F79EFBC}") = "notes_app", "notes_app.csproj", "{4EFCCB53-DED8-8109-E3AD-30FA92350A63}"
EndProject
Global
	GlobalSection(SolutionConfigurationPlatforms) = preSolution
		Debug|Any CPU = Debug|Any CPU
		Release|Any CPU = Release|Any CPU
	EndGlobalSection
	GlobalSection(ProjectConfigurationPlatforms) = postSolution
		{4EFCCB53-DED8-8109-E3AD-30FA92350A63}.Debug|Any CPU.ActiveCfg = Debug|Any CPU
		{4EFCCB53-DED8-8109-E3AD-30FA92350A63}.Debug|Any CPU.Build.0 = Debug|Any CPU
		{4EFCCB53-DED8-8109-E3AD-30FA92350A63}.Release|Any CPU.ActiveCfg = Release|Any CPU
		{4EFCCB53-DED8-8109-E3AD-30FA92350A63}.Release|Any CPU.Build.0 = Release|Any CPU
	EndGlobalSection
	GlobalSection(SolutionProperties) = preSolution
		HideSolutionNode = FALSE
	EndGlobalSection
	GlobalSection(ExtensibilityGlobals) = postSolution
		SolutionGuid = {EF9BEACE-5FF0-4C54-977B-F019EC97AD29}
	EndGlobalSection
EndGlobal
